// !$*UTF8*$!
{
	archiveVersion = 1;
	classes = {
	};
	objectVersion = 56;
	objects = {

/* Begin PBXBuildFile section */
		EB1EFC0947AF61C50BFC3927 /* Pods_RMGeofenceApp.framework in Frameworks */ = {isa = PBXBuildFile; fileRef = 1D5D6C916B795E8112D58A85 /* Pods_RMGeofenceApp.framework */; };
		F40D8DE92D5DD734002892F4 /* RoundedButtonStyle.swift in Sources */ = {isa = PBXBuildFile; fileRef = F40D8DE82D5DD734002892F4 /* RoundedButtonStyle.swift */; };
		F40D8DEB2D5E01FF002892F4 /* RoundedTextFieldStyle.swift in Sources */ = {isa = PBXBuildFile; fileRef = F40D8DEA2D5E01FF002892F4 /* RoundedTextFieldStyle.swift */; };
		F40D8DF52D5E12F2002892F4 /* GeofenceManager.swift in Sources */ = {isa = PBXBuildFile; fileRef = F40D8DF42D5E12F2002892F4 /* GeofenceManager.swift */; };
		F40D8DF72D5E15CF002892F4 /* CreateGeofenceView.swift in Sources */ = {isa = PBXBuildFile; fileRef = F40D8DF62D5E15CF002892F4 /* CreateGeofenceView.swift */; };
		F42F51AD2D634436004B51FC /* MonitorGeofenceView.swift in Sources */ = {isa = PBXBuildFile; fileRef = F42F51AC2D634436004B51FC /* MonitorGeofenceView.swift */; };
		F42F51B02D634B59004B51FC /* MonitorCircularView.swift in Sources */ = {isa = PBXBuildFile; fileRef = F42F51AF2D634B59004B51FC /* MonitorCircularView.swift */; };
		F42F51B82D637983004B51FC /* FullscreenMapView.swift in Sources */ = {isa = PBXBuildFile; fileRef = F42F51B72D637983004B51FC /* FullscreenMapView.swift */; };
		F42F51BA2D637997004B51FC /* GoogleMapView.swift in Sources */ = {isa = PBXBuildFile; fileRef = F42F51B92D637997004B51FC /* GoogleMapView.swift */; };
		F42F51BC2D637AAD004B51FC /* CoordinateManager.swift in Sources */ = {isa = PBXBuildFile; fileRef = F42F51BB2D637AAD004B51FC /* CoordinateManager.swift */; };
		F44CF1912D5F157200AC9916 /* getRandomColor.swift in Sources */ = {isa = PBXBuildFile; fileRef = F44CF1902D5F157200AC9916 /* getRandomColor.swift */; };
		F44CF1972D5F231500AC9916 /* FullScreenMapView.swift in Sources */ = {isa = PBXBuildFile; fileRef = F44CF1962D5F231500AC9916 /* FullScreenMapView.swift */; };
		F44CF1992D5F28AA00AC9916 /* CoordinateMapView.swift in Sources */ = {isa = PBXBuildFile; fileRef = F44CF1982D5F28AA00AC9916 /* CoordinateMapView.swift */; };
		F44CF19B2D5F2CE500AC9916 /* Coordinate.swift in Sources */ = {isa = PBXBuildFile; fileRef = F44CF19A2D5F2CE500AC9916 /* Coordinate.swift */; };
		F44CF19F2D5F7D5E00AC9916 /* CustomPolygonDrawingView.swift in Sources */ = {isa = PBXBuildFile; fileRef = F44CF19E2D5F7D5E00AC9916 /* CustomPolygonDrawingView.swift */; };
		F44CF1A12D5F7DBF00AC9916 /* DrawingMapView.swift in Sources */ = {isa = PBXBuildFile; fileRef = F44CF1A02D5F7DBF00AC9916 /* DrawingMapView.swift */; };
		F47E03792D5DC6F800EEEC85 /* RMGeofenceAppApp.swift in Sources */ = {isa = PBXBuildFile; fileRef = F47E03782D5DC6F800EEEC85 /* RMGeofenceAppApp.swift */; };
		F47E037B2D5DC6F800EEEC85 /* ContentView.swift in Sources */ = {isa = PBXBuildFile; fileRef = F47E037A2D5DC6F800EEEC85 /* ContentView.swift */; };
		F47E037D2D5DC6F900EEEC85 /* Assets.xcassets in Resources */ = {isa = PBXBuildFile; fileRef = F47E037C2D5DC6F900EEEC85 /* Assets.xcassets */; };
		F47E03802D5DC6F900EEEC85 /* Preview Assets.xcassets in Resources */ = {isa = PBXBuildFile; fileRef = F47E037F2D5DC6F900EEEC85 /* Preview Assets.xcassets */; };
		F47E03892D5DC73C00EEEC85 /* HomeScreen.swift in Sources */ = {isa = PBXBuildFile; fileRef = F47E03882D5DC73C00EEEC85 /* HomeScreen.swift */; };
		F47E038D2D5DCCC900EEEC85 /* CircularGeofenceView.swift in Sources */ = {isa = PBXBuildFile; fileRef = F47E038C2D5DCCC900EEEC85 /* CircularGeofenceView.swift */; };
		F47E038F2D5DCD7300EEEC85 /* CoordinateGeofenceView.swift in Sources */ = {isa = PBXBuildFile; fileRef = F47E038E2D5DCD7300EEEC85 /* CoordinateGeofenceView.swift */; };
		F47E03912D5DCDA200EEEC85 /* DrawGeofenceView.swift in Sources */ = {isa = PBXBuildFile; fileRef = F47E03902D5DCDA200EEEC85 /* DrawGeofenceView.swift */; };
		F47E03932D5DCDB800EEEC85 /* CreateGeofenceScreen.swift in Sources */ = {isa = PBXBuildFile; fileRef = F47E03922D5DCDB800EEEC85 /* CreateGeofenceScreen.swift */; };
/* End PBXBuildFile section */

/* Begin PBXFileReference section */
		1D5D6C916B795E8112D58A85 /* Pods_RMGeofenceApp.framework */ = {isa = PBXFileReference; explicitFileType = wrapper.framework; includeInIndex = 0; path = Pods_RMGeofenceApp.framework; sourceTree = BUILT_PRODUCTS_DIR; };
		8DCD6ED8AAC29569600DEBE8 /* Pods-RMGeofenceApp.debug.xcconfig */ = {isa = PBXFileReference; includeInIndex = 1; lastKnownFileType = text.xcconfig; name = "Pods-RMGeofenceApp.debug.xcconfig"; path = "Target Support Files/Pods-RMGeofenceApp/Pods-RMGeofenceApp.debug.xcconfig"; sourceTree = "<group>"; };
		9EC7BFFAB3438165EDAA596D /* Pods-RMGeofenceApp.release.xcconfig */ = {isa = PBXFileReference; includeInIndex = 1; lastKnownFileType = text.xcconfig; name = "Pods-RMGeofenceApp.release.xcconfig"; path = "Target Support Files/Pods-RMGeofenceApp/Pods-RMGeofenceApp.release.xcconfig"; sourceTree = "<group>"; };
		F40D8DE82D5DD734002892F4 /* RoundedButtonStyle.swift */ = {isa = PBXFileReference; lastKnownFileType = sourcecode.swift; path = RoundedButtonStyle.swift; sourceTree = "<group>"; };
		F40D8DEA2D5E01FF002892F4 /* RoundedTextFieldStyle.swift */ = {isa = PBXFileReference; lastKnownFileType = sourcecode.swift; path = RoundedTextFieldStyle.swift; sourceTree = "<group>"; };
		F40D8DF32D5E12E7002892F4 /* Info.plist */ = {isa = PBXFileReference; lastKnownFileType = text.plist; path = Info.plist; sourceTree = "<group>"; };
		F40D8DF42D5E12F2002892F4 /* GeofenceManager.swift */ = {isa = PBXFileReference; lastKnownFileType = sourcecode.swift; path = GeofenceManager.swift; sourceTree = "<group>"; };
		F40D8DF62D5E15CF002892F4 /* CreateGeofenceView.swift */ = {isa = PBXFileReference; lastKnownFileType = sourcecode.swift; path = CreateGeofenceView.swift; sourceTree = "<group>"; };
		F42F51AC2D634436004B51FC /* MonitorGeofenceView.swift */ = {isa = PBXFileReference; lastKnownFileType = sourcecode.swift; path = MonitorGeofenceView.swift; sourceTree = "<group>"; };
		F42F51AF2D634B59004B51FC /* MonitorCircularView.swift */ = {isa = PBXFileReference; lastKnownFileType = sourcecode.swift; path = MonitorCircularView.swift; sourceTree = "<group>"; };
		F42F51B72D637983004B51FC /* FullscreenMapView.swift */ = {isa = PBXFileReference; lastKnownFileType = sourcecode.swift; path = FullscreenMapView.swift; sourceTree = "<group>"; };
		F42F51B92D637997004B51FC /* GoogleMapView.swift */ = {isa = PBXFileReference; lastKnownFileType = sourcecode.swift; path = GoogleMapView.swift; sourceTree = "<group>"; };
		F42F51BB2D637AAD004B51FC /* CoordinateManager.swift */ = {isa = PBXFileReference; lastKnownFileType = sourcecode.swift; path = CoordinateManager.swift; sourceTree = "<group>"; };
		F44CF1902D5F157200AC9916 /* getRandomColor.swift */ = {isa = PBXFileReference; lastKnownFileType = sourcecode.swift; path = getRandomColor.swift; sourceTree = "<group>"; };
		F44CF1962D5F231500AC9916 /* FullScreenMapView.swift */ = {isa = PBXFileReference; lastKnownFileType = sourcecode.swift; path = FullScreenMapView.swift; sourceTree = "<group>"; };
		F44CF1982D5F28AA00AC9916 /* CoordinateMapView.swift */ = {isa = PBXFileReference; lastKnownFileType = sourcecode.swift; path = CoordinateMapView.swift; sourceTree = "<group>"; };
		F44CF19A2D5F2CE500AC9916 /* Coordinate.swift */ = {isa = PBXFileReference; lastKnownFileType = sourcecode.swift; path = Coordinate.swift; sourceTree = "<group>"; };
		F44CF19E2D5F7D5E00AC9916 /* CustomPolygonDrawingView.swift */ = {isa = PBXFileReference; lastKnownFileType = sourcecode.swift; path = CustomPolygonDrawingView.swift; sourceTree = "<group>"; };
		F44CF1A02D5F7DBF00AC9916 /* DrawingMapView.swift */ = {isa = PBXFileReference; lastKnownFileType = sourcecode.swift; path = DrawingMapView.swift; sourceTree = "<group>"; };
		F47E03752D5DC6F800EEEC85 /* RMGeofenceApp.app */ = {isa = PBXFileReference; explicitFileType = wrapper.application; includeInIndex = 0; path = RMGeofenceApp.app; sourceTree = BUILT_PRODUCTS_DIR; };
		F47E03782D5DC6F800EEEC85 /* RMGeofenceAppApp.swift */ = {isa = PBXFileReference; lastKnownFileType = sourcecode.swift; path = RMGeofenceAppApp.swift; sourceTree = "<group>"; };
		F47E037A2D5DC6F800EEEC85 /* ContentView.swift */ = {isa = PBXFileReference; lastKnownFileType = sourcecode.swift; path = ContentView.swift; sourceTree = "<group>"; };
		F47E037C2D5DC6F900EEEC85 /* Assets.xcassets */ = {isa = PBXFileReference; lastKnownFileType = folder.assetcatalog; path = Assets.xcassets; sourceTree = "<group>"; };
		F47E037F2D5DC6F900EEEC85 /* Preview Assets.xcassets */ = {isa = PBXFileReference; lastKnownFileType = folder.assetcatalog; path = "Preview Assets.xcassets"; sourceTree = "<group>"; };
		F47E03882D5DC73C00EEEC85 /* HomeScreen.swift */ = {isa = PBXFileReference; lastKnownFileType = sourcecode.swift; path = HomeScreen.swift; sourceTree = "<group>"; };
		F47E038C2D5DCCC900EEEC85 /* CircularGeofenceView.swift */ = {isa = PBXFileReference; lastKnownFileType = sourcecode.swift; path = CircularGeofenceView.swift; sourceTree = "<group>"; };
		F47E038E2D5DCD7300EEEC85 /* CoordinateGeofenceView.swift */ = {isa = PBXFileReference; lastKnownFileType = sourcecode.swift; path = CoordinateGeofenceView.swift; sourceTree = "<group>"; };
		F47E03902D5DCDA200EEEC85 /* DrawGeofenceView.swift */ = {isa = PBXFileReference; lastKnownFileType = sourcecode.swift; path = DrawGeofenceView.swift; sourceTree = "<group>"; };
		F47E03922D5DCDB800EEEC85 /* CreateGeofenceScreen.swift */ = {isa = PBXFileReference; lastKnownFileType = sourcecode.swift; path = CreateGeofenceScreen.swift; sourceTree = "<group>"; };
/* End PBXFileReference section */

/* Begin PBXFrameworksBuildPhase section */
		F47E03722D5DC6F800EEEC85 /* Frameworks */ = {
			isa = PBXFrameworksBuildPhase;
			buildActionMask = 2147483647;
			files = (
				EB1EFC0947AF61C50BFC3927 /* Pods_RMGeofenceApp.framework in Frameworks */,
			);
			runOnlyForDeploymentPostprocessing = 0;
		};
/* End PBXFrameworksBuildPhase section */

/* Begin PBXGroup section */
		A275F0D2CF4A8B72C984BE29 /* Pods */ = {
			isa = PBXGroup;
			children = (
				8DCD6ED8AAC29569600DEBE8 /* Pods-RMGeofenceApp.debug.xcconfig */,
				9EC7BFFAB3438165EDAA596D /* Pods-RMGeofenceApp.release.xcconfig */,
			);
			path = Pods;
			sourceTree = "<group>";
		};
		C5A31373DAF73A6A059CBF9A /* Frameworks */ = {
			isa = PBXGroup;
			children = (
				1D5D6C916B795E8112D58A85 /* Pods_RMGeofenceApp.framework */,
			);
			name = Frameworks;
			sourceTree = "<group>";
		};
		F40D8DEC2D5E0B6C002892F4 /* Geofence Manager */ = {
			isa = PBXGroup;
			children = (
				F40D8DF42D5E12F2002892F4 /* GeofenceManager.swift */,
			);
			path = "Geofence Manager";
			sourceTree = "<group>";
		};
		F40D8DF82D5E1BF7002892F4 /* Screens */ = {
			isa = PBXGroup;
			children = (
				F47E03882D5DC73C00EEEC85 /* HomeScreen.swift */,
				F47E03922D5DCDB800EEEC85 /* CreateGeofenceScreen.swift */,
			);
			path = Screens;
			sourceTree = "<group>";
		};
		F42F51AE2D634B50004B51FC /* Monitor */ = {
			isa = PBXGroup;
			children = (
				F42F51AC2D634436004B51FC /* MonitorGeofenceView.swift */,
				F42F51AF2D634B59004B51FC /* MonitorCircularView.swift */,
				F42F51B72D637983004B51FC /* FullscreenMapView.swift */,
				F42F51B92D637997004B51FC /* GoogleMapView.swift */,
			);
			path = Monitor;
			sourceTree = "<group>";
		};
		F44CF1892D5F139000AC9916 /* Circular Geofence */ = {
			isa = PBXGroup;
			children = (
				F44CF18A2D5F13A400AC9916 /* View */,
			);
			path = "Circular Geofence";
			sourceTree = "<group>";
		};
		F44CF18A2D5F13A400AC9916 /* View */ = {
			isa = PBXGroup;
			children = (
				F47E038C2D5DCCC900EEEC85 /* CircularGeofenceView.swift */,
				F40D8DF62D5E15CF002892F4 /* CreateGeofenceView.swift */,
				F44CF1962D5F231500AC9916 /* FullScreenMapView.swift */,
			);
			path = View;
			sourceTree = "<group>";
		};
		F44CF18B2D5F13C700AC9916 /* Coordinate Geofence */ = {
			isa = PBXGroup;
			children = (
				F42F51BB2D637AAD004B51FC /* CoordinateManager.swift */,
				F44CF19C2D5F2CFD00AC9916 /* Model */,
				F44CF18C2D5F13E200AC9916 /* View */,
			);
			path = "Coordinate Geofence";
			sourceTree = "<group>";
		};
		F44CF18C2D5F13E200AC9916 /* View */ = {
			isa = PBXGroup;
			children = (
				F47E038E2D5DCD7300EEEC85 /* CoordinateGeofenceView.swift */,
				F44CF1982D5F28AA00AC9916 /* CoordinateMapView.swift */,
			);
			path = View;
			sourceTree = "<group>";
		};
		F44CF18D2D5F13F000AC9916 /* Draw Geofence */ = {
			isa = PBXGroup;
			children = (
				F44CF18E2D5F13FB00AC9916 /* View */,
			);
			path = "Draw Geofence";
			sourceTree = "<group>";
		};
		F44CF18E2D5F13FB00AC9916 /* View */ = {
			isa = PBXGroup;
			children = (
				F47E03902D5DCDA200EEEC85 /* DrawGeofenceView.swift */,
				F44CF1A02D5F7DBF00AC9916 /* DrawingMapView.swift */,
				F44CF19E2D5F7D5E00AC9916 /* CustomPolygonDrawingView.swift */,
			);
			path = View;
			sourceTree = "<group>";
		};
		F44CF18F2D5F147B00AC9916 /* Utils */ = {
			isa = PBXGroup;
			children = (
				F44CF19D2D5F2E8900AC9916 /* Extensions */,
				F47E03942D5DCE2500EEEC85 /* Styles */,
			);
			path = Utils;
			sourceTree = "<group>";
		};
		F44CF19C2D5F2CFD00AC9916 /* Model */ = {
			isa = PBXGroup;
			children = (
				F44CF19A2D5F2CE500AC9916 /* Coordinate.swift */,
			);
			path = Model;
			sourceTree = "<group>";
		};
		F44CF19D2D5F2E8900AC9916 /* Extensions */ = {
			isa = PBXGroup;
			children = (
				F44CF1902D5F157200AC9916 /* getRandomColor.swift */,
			);
			path = Extensions;
			sourceTree = "<group>";
		};
		F47E036C2D5DC6F800EEEC85 = {
			isa = PBXGroup;
			children = (
				F47E03772D5DC6F800EEEC85 /* RMGeofenceApp */,
				F47E03762D5DC6F800EEEC85 /* Products */,
				A275F0D2CF4A8B72C984BE29 /* Pods */,
				C5A31373DAF73A6A059CBF9A /* Frameworks */,
			);
			sourceTree = "<group>";
		};
		F47E03762D5DC6F800EEEC85 /* Products */ = {
			isa = PBXGroup;
			children = (
				F47E03752D5DC6F800EEEC85 /* RMGeofenceApp.app */,
			);
			name = Products;
			sourceTree = "<group>";
		};
		F47E03772D5DC6F800EEEC85 /* RMGeofenceApp */ = {
			isa = PBXGroup;
			children = (
				F42F51AE2D634B50004B51FC /* Monitor */,
				F47E03872D5DC71E00EEEC85 /* Main */,
				F40D8DF32D5E12E7002892F4 /* Info.plist */,
				F40D8DF82D5E1BF7002892F4 /* Screens */,
				F44CF1892D5F139000AC9916 /* Circular Geofence */,
				F44CF18B2D5F13C700AC9916 /* Coordinate Geofence */,
				F44CF18D2D5F13F000AC9916 /* Draw Geofence */,
				F40D8DEC2D5E0B6C002892F4 /* Geofence Manager */,
				F44CF18F2D5F147B00AC9916 /* Utils */,
				F47E037C2D5DC6F900EEEC85 /* Assets.xcassets */,
				F47E037E2D5DC6F900EEEC85 /* Preview Content */,
			);
			path = RMGeofenceApp;
			sourceTree = "<group>";
		};
		F47E037E2D5DC6F900EEEC85 /* Preview Content */ = {
			isa = PBXGroup;
			children = (
				F47E037F2D5DC6F900EEEC85 /* Preview Assets.xcassets */,
			);
			path = "Preview Content";
			sourceTree = "<group>";
		};
		F47E03872D5DC71E00EEEC85 /* Main */ = {
			isa = PBXGroup;
			children = (
				F47E03782D5DC6F800EEEC85 /* RMGeofenceAppApp.swift */,
				F47E037A2D5DC6F800EEEC85 /* ContentView.swift */,
			);
			path = Main;
			sourceTree = "<group>";
		};
		F47E03942D5DCE2500EEEC85 /* Styles */ = {
			isa = PBXGroup;
			children = (
				F40D8DE82D5DD734002892F4 /* RoundedButtonStyle.swift */,
				F40D8DEA2D5E01FF002892F4 /* RoundedTextFieldStyle.swift */,
			);
			path = Styles;
			sourceTree = "<group>";
		};
/* End PBXGroup section */

/* Begin PBXNativeTarget section */
		F47E03742D5DC6F800EEEC85 /* RMGeofenceApp */ = {
			isa = PBXNativeTarget;
			buildConfigurationList = F47E03832D5DC6F900EEEC85 /* Build configuration list for PBXNativeTarget "RMGeofenceApp" */;
			buildPhases = (
				68603FB200079D5D98A012F1 /* [CP] Check Pods Manifest.lock */,
				F47E03712D5DC6F800EEEC85 /* Sources */,
				F47E03722D5DC6F800EEEC85 /* Frameworks */,
				F47E03732D5DC6F800EEEC85 /* Resources */,
				C83BF72E2C590FE06F5FEBB2 /* [CP] Copy Pods Resources */,
			);
			buildRules = (
			);
			dependencies = (
			);
			name = RMGeofenceApp;
			productName = RMGeofenceApp;
			productReference = F47E03752D5DC6F800EEEC85 /* RMGeofenceApp.app */;
			productType = "com.apple.product-type.application";
		};
/* End PBXNativeTarget section */

/* Begin PBXProject section */
		F47E036D2D5DC6F800EEEC85 /* Project object */ = {
			isa = PBXProject;
			attributes = {
				BuildIndependentTargetsInParallel = 1;
				LastSwiftUpdateCheck = 1530;
				LastUpgradeCheck = 1530;
				TargetAttributes = {
					F47E03742D5DC6F800EEEC85 = {
						CreatedOnToolsVersion = 15.3;
					};
				};
			};
			buildConfigurationList = F47E03702D5DC6F800EEEC85 /* Build configuration list for PBXProject "RMGeofenceApp" */;
			compatibilityVersion = "Xcode 14.0";
			developmentRegion = en;
			hasScannedForEncodings = 0;
			knownRegions = (
				en,
				Base,
			);
			mainGroup = F47E036C2D5DC6F800EEEC85;
			productRefGroup = F47E03762D5DC6F800EEEC85 /* Products */;
			projectDirPath = "";
			projectRoot = "";
			targets = (
				F47E03742D5DC6F800EEEC85 /* RMGeofenceApp */,
			);
		};
/* End PBXProject section */

/* Begin PBXResourcesBuildPhase section */
		F47E03732D5DC6F800EEEC85 /* Resources */ = {
			isa = PBXResourcesBuildPhase;
			buildActionMask = 2147483647;
			files = (
				F47E03802D5DC6F900EEEC85 /* Preview Assets.xcassets in Resources */,
				F47E037D2D5DC6F900EEEC85 /* Assets.xcassets in Resources */,
			);
			runOnlyForDeploymentPostprocessing = 0;
		};
/* End PBXResourcesBuildPhase section */

/* Begin PBXShellScriptBuildPhase section */
		68603FB200079D5D98A012F1 /* [CP] Check Pods Manifest.lock */ = {
			isa = PBXShellScriptBuildPhase;
			buildActionMask = 2147483647;
			files = (
			);
			inputFileListPaths = (
			);
			inputPaths = (
				"${PODS_PODFILE_DIR_PATH}/Podfile.lock",
				"${PODS_ROOT}/Manifest.lock",
			);
			name = "[CP] Check Pods Manifest.lock";
			outputFileListPaths = (
			);
			outputPaths = (
				"$(DERIVED_FILE_DIR)/Pods-RMGeofenceApp-checkManifestLockResult.txt",
			);
			runOnlyForDeploymentPostprocessing = 0;
			shellPath = /bin/sh;
			shellScript = "diff \"${PODS_PODFILE_DIR_PATH}/Podfile.lock\" \"${PODS_ROOT}/Manifest.lock\" > /dev/null\nif [ $? != 0 ] ; then\n    # print error to STDERR\n    echo \"error: The sandbox is not in sync with the Podfile.lock. Run 'pod install' or update your CocoaPods installation.\" >&2\n    exit 1\nfi\n# This output is used by Xcode 'outputs' to avoid re-running this script phase.\necho \"SUCCESS\" > \"${SCRIPT_OUTPUT_FILE_0}\"\n";
			showEnvVarsInLog = 0;
		};
		C83BF72E2C590FE06F5FEBB2 /* [CP] Copy Pods Resources */ = {
			isa = PBXShellScriptBuildPhase;
			buildActionMask = 2147483647;
			files = (
			);
			inputFileListPaths = (
				"${PODS_ROOT}/Target Support Files/Pods-RMGeofenceApp/Pods-RMGeofenceApp-resources-${CONFIGURATION}-input-files.xcfilelist",
			);
			name = "[CP] Copy Pods Resources";
			outputFileListPaths = (
				"${PODS_ROOT}/Target Support Files/Pods-RMGeofenceApp/Pods-RMGeofenceApp-resources-${CONFIGURATION}-output-files.xcfilelist",
			);
			runOnlyForDeploymentPostprocessing = 0;
			shellPath = /bin/sh;
			shellScript = "\"${PODS_ROOT}/Target Support Files/Pods-RMGeofenceApp/Pods-RMGeofenceApp-resources.sh\"\n";
			showEnvVarsInLog = 0;
		};
/* End PBXShellScriptBuildPhase section */

/* Begin PBXSourcesBuildPhase section */
		F47E03712D5DC6F800EEEC85 /* Sources */ = {
			isa = PBXSourcesBuildPhase;
			buildActionMask = 2147483647;
			files = (
				F44CF1972D5F231500AC9916 /* FullScreenMapView.swift in Sources */,
				F40D8DF52D5E12F2002892F4 /* GeofenceManager.swift in Sources */,
				F42F51BC2D637AAD004B51FC /* CoordinateManager.swift in Sources */,
				F47E03932D5DCDB800EEEC85 /* CreateGeofenceScreen.swift in Sources */,
				F44CF1912D5F157200AC9916 /* getRandomColor.swift in Sources */,
				F40D8DE92D5DD734002892F4 /* RoundedButtonStyle.swift in Sources */,
				F44CF19F2D5F7D5E00AC9916 /* CustomPolygonDrawingView.swift in Sources */,
				F40D8DEB2D5E01FF002892F4 /* RoundedTextFieldStyle.swift in Sources */,
				F47E038D2D5DCCC900EEEC85 /* CircularGeofenceView.swift in Sources */,
				F42F51BA2D637997004B51FC /* GoogleMapView.swift in Sources */,
				F47E03892D5DC73C00EEEC85 /* HomeScreen.swift in Sources */,
				F42F51B02D634B59004B51FC /* MonitorCircularView.swift in Sources */,
				F44CF1992D5F28AA00AC9916 /* CoordinateMapView.swift in Sources */,
				F47E037B2D5DC6F800EEEC85 /* ContentView.swift in Sources */,
				F42F51AD2D634436004B51FC /* MonitorGeofenceView.swift in Sources */,
				F44CF19B2D5F2CE500AC9916 /* Coordinate.swift in Sources */,
				F42F51B82D637983004B51FC /* FullscreenMapView.swift in Sources */,
				F44CF1A12D5F7DBF00AC9916 /* DrawingMapView.swift in Sources */,
				F40D8DF72D5E15CF002892F4 /* CreateGeofenceView.swift in Sources */,
				F47E038F2D5DCD7300EEEC85 /* CoordinateGeofenceView.swift in Sources */,
				F47E03912D5DCDA200EEEC85 /* DrawGeofenceView.swift in Sources */,
				F47E03792D5DC6F800EEEC85 /* RMGeofenceAppApp.swift in Sources */,
			);
			runOnlyForDeploymentPostprocessing = 0;
		};
/* End PBXSourcesBuildPhase section */

/* Begin XCBuildConfiguration section */
		F47E03812D5DC6F900EEEC85 /* Debug */ = {
			isa = XCBuildConfiguration;
			buildSettings = {
				ALWAYS_SEARCH_USER_PATHS = NO;
				ASSETCATALOG_COMPILER_GENERATE_SWIFT_ASSET_SYMBOL_EXTENSIONS = YES;
				CLANG_ANALYZER_NONNULL = YES;
				CLANG_ANALYZER_NUMBER_OBJECT_CONVERSION = YES_AGGRESSIVE;
				CLANG_CXX_LANGUAGE_STANDARD = "gnu++20";
				CLANG_ENABLE_MODULES = YES;
				CLANG_ENABLE_OBJC_ARC = YES;
				CLANG_ENABLE_OBJC_WEAK = YES;
				CLANG_WARN_BLOCK_CAPTURE_AUTORELEASING = YES;
				CLANG_WARN_BOOL_CONVERSION = YES;
				CLANG_WARN_COMMA = YES;
				CLANG_WARN_CONSTANT_CONVERSION = YES;
				CLANG_WARN_DEPRECATED_OBJC_IMPLEMENTATIONS = YES;
				CLANG_WARN_DIRECT_OBJC_ISA_USAGE = YES_ERROR;
				CLANG_WARN_DOCUMENTATION_COMMENTS = YES;
				CLANG_WARN_EMPTY_BODY = YES;
				CLANG_WARN_ENUM_CONVERSION = YES;
				CLANG_WARN_INFINITE_RECURSION = YES;
				CLANG_WARN_INT_CONVERSION = YES;
				CLANG_WARN_NON_LITERAL_NULL_CONVERSION = YES;
				CLANG_WARN_OBJC_IMPLICIT_RETAIN_SELF = YES;
				CLANG_WARN_OBJC_LITERAL_CONVERSION = YES;
				CLANG_WARN_OBJC_ROOT_CLASS = YES_ERROR;
				CLANG_WARN_QUOTED_INCLUDE_IN_FRAMEWORK_HEADER = YES;
				CLANG_WARN_RANGE_LOOP_ANALYSIS = YES;
				CLANG_WARN_STRICT_PROTOTYPES = YES;
				CLANG_WARN_SUSPICIOUS_MOVE = YES;
				CLANG_WARN_UNGUARDED_AVAILABILITY = YES_AGGRESSIVE;
				CLANG_WARN_UNREACHABLE_CODE = YES;
				CLANG_WARN__DUPLICATE_METHOD_MATCH = YES;
				COPY_PHASE_STRIP = NO;
				DEBUG_INFORMATION_FORMAT = dwarf;
				ENABLE_STRICT_OBJC_MSGSEND = YES;
				ENABLE_TESTABILITY = YES;
				ENABLE_USER_SCRIPT_SANDBOXING = NO;
				GCC_C_LANGUAGE_STANDARD = gnu17;
				GCC_DYNAMIC_NO_PIC = NO;
				GCC_NO_COMMON_BLOCKS = YES;
				GCC_OPTIMIZATION_LEVEL = 0;
				GCC_PREPROCESSOR_DEFINITIONS = (
					"DEBUG=1",
					"$(inherited)",
				);
				GCC_WARN_64_TO_32_BIT_CONVERSION = YES;
				GCC_WARN_ABOUT_RETURN_TYPE = YES_ERROR;
				GCC_WARN_UNDECLARED_SELECTOR = YES;
				GCC_WARN_UNINITIALIZED_AUTOS = YES_AGGRESSIVE;
				GCC_WARN_UNUSED_FUNCTION = YES;
				GCC_WARN_UNUSED_VARIABLE = YES;
				IPHONEOS_DEPLOYMENT_TARGET = 16;
				LOCALIZATION_PREFERS_STRING_CATALOGS = YES;
				MTL_ENABLE_DEBUG_INFO = INCLUDE_SOURCE;
				MTL_FAST_MATH = YES;
				ONLY_ACTIVE_ARCH = YES;
				SDKROOT = iphoneos;
				SWIFT_ACTIVE_COMPILATION_CONDITIONS = "DEBUG $(inherited)";
				SWIFT_OPTIMIZATION_LEVEL = "-Onone";
			};
			name = Debug;
		};
		F47E03822D5DC6F900EEEC85 /* Release */ = {
			isa = XCBuildConfiguration;
			buildSettings = {
				ALWAYS_SEARCH_USER_PATHS = NO;
				ASSETCATALOG_COMPILER_GENERATE_SWIFT_ASSET_SYMBOL_EXTENSIONS = YES;
				CLANG_ANALYZER_NONNULL = YES;
				CLANG_ANALYZER_NUMBER_OBJECT_CONVERSION = YES_AGGRESSIVE;
				CLANG_CXX_LANGUAGE_STANDARD = "gnu++20";
				CLANG_ENABLE_MODULES = YES;
				CLANG_ENABLE_OBJC_ARC = YES;
				CLANG_ENABLE_OBJC_WEAK = YES;
				CLANG_WARN_BLOCK_CAPTURE_AUTORELEASING = YES;
				CLANG_WARN_BOOL_CONVERSION = YES;
				CLANG_WARN_COMMA = YES;
				CLANG_WARN_CONSTANT_CONVERSION = YES;
				CLANG_WARN_DEPRECATED_OBJC_IMPLEMENTATIONS = YES;
				CLANG_WARN_DIRECT_OBJC_ISA_USAGE = YES_ERROR;
				CLANG_WARN_DOCUMENTATION_COMMENTS = YES;
				CLANG_WARN_EMPTY_BODY = YES;
				CLANG_WARN_ENUM_CONVERSION = YES;
				CLANG_WARN_INFINITE_RECURSION = YES;
				CLANG_WARN_INT_CONVERSION = YES;
				CLANG_WARN_NON_LITERAL_NULL_CONVERSION = YES;
				CLANG_WARN_OBJC_IMPLICIT_RETAIN_SELF = YES;
				CLANG_WARN_OBJC_LITERAL_CONVERSION = YES;
				CLANG_WARN_OBJC_ROOT_CLASS = YES_ERROR;
				CLANG_WARN_QUOTED_INCLUDE_IN_FRAMEWORK_HEADER = YES;
				CLANG_WARN_RANGE_LOOP_ANALYSIS = YES;
				CLANG_WARN_STRICT_PROTOTYPES = YES;
				CLANG_WARN_SUSPICIOUS_MOVE = YES;
				CLANG_WARN_UNGUARDED_AVAILABILITY = YES_AGGRESSIVE;
				CLANG_WARN_UNREACHABLE_CODE = YES;
				CLANG_WARN__DUPLICATE_METHOD_MATCH = YES;
				COPY_PHASE_STRIP = NO;
				DEBUG_INFORMATION_FORMAT = "dwarf-with-dsym";
				ENABLE_NS_ASSERTIONS = NO;
				ENABLE_STRICT_OBJC_MSGSEND = YES;
				ENABLE_USER_SCRIPT_SANDBOXING = NO;
				GCC_C_LANGUAGE_STANDARD = gnu17;
				GCC_NO_COMMON_BLOCKS = YES;
				GCC_WARN_64_TO_32_BIT_CONVERSION = YES;
				GCC_WARN_ABOUT_RETURN_TYPE = YES_ERROR;
				GCC_WARN_UNDECLARED_SELECTOR = YES;
				GCC_WARN_UNINITIALIZED_AUTOS = YES_AGGRESSIVE;
				GCC_WARN_UNUSED_FUNCTION = YES;
				GCC_WARN_UNUSED_VARIABLE = YES;
				IPHONEOS_DEPLOYMENT_TARGET = 16;
				LOCALIZATION_PREFERS_STRING_CATALOGS = YES;
				MTL_ENABLE_DEBUG_INFO = NO;
				MTL_FAST_MATH = YES;
				SDKROOT = iphoneos;
				SWIFT_COMPILATION_MODE = wholemodule;
				VALIDATE_PRODUCT = YES;
			};
			name = Release;
		};
		F47E03842D5DC6F900EEEC85 /* Debug */ = {
			isa = XCBuildConfiguration;
			baseConfigurationReference = 8DCD6ED8AAC29569600DEBE8 /* Pods-RMGeofenceApp.debug.xcconfig */;
			buildSettings = {
				ASSETCATALOG_COMPILER_APPICON_NAME = AppIcon;
				ASSETCATALOG_COMPILER_GLOBAL_ACCENT_COLOR_NAME = AccentColor;
				CODE_SIGN_STYLE = Automatic;
				CURRENT_PROJECT_VERSION = 1;
				DEVELOPMENT_ASSET_PATHS = "\"RMGeofenceApp/Preview Content\"";
				ENABLE_PREVIEWS = YES;
				GENERATE_INFOPLIST_FILE = YES;
				INFOPLIST_FILE = RMGeofenceApp/Info.plist;
				INFOPLIST_KEY_NSLocationAlwaysAndWhenInUseUsageDescription = "We need your location to provide continuous map services.";
				INFOPLIST_KEY_NSLocationWhenInUseUsageDescription = "We need your location to provide map services.";
				INFOPLIST_KEY_UIApplicationSceneManifest_Generation = YES;
				INFOPLIST_KEY_UIApplicationSupportsIndirectInputEvents = YES;
				INFOPLIST_KEY_UILaunchScreen_Generation = YES;
				INFOPLIST_KEY_UISupportedInterfaceOrientations_iPad = "UIInterfaceOrientationPortrait UIInterfaceOrientationPortraitUpsideDown UIInterfaceOrientationLandscapeLeft UIInterfaceOrientationLandscapeRight";
				INFOPLIST_KEY_UISupportedInterfaceOrientations_iPhone = "UIInterfaceOrientationPortrait UIInterfaceOrientationLandscapeLeft UIInterfaceOrientationLandscapeRight";
				IPHONEOS_DEPLOYMENT_TARGET = 16;
				LD_RUNPATH_SEARCH_PATHS = (
					"$(inherited)",
					"@executable_path/Frameworks",
				);
				MARKETING_VERSION = 1.0;
				PRODUCT_BUNDLE_IDENTIFIER = com.thinkitive.RMGeofenceApp;
				PRODUCT_NAME = "$(TARGET_NAME)";
				SWIFT_EMIT_LOC_STRINGS = YES;
				SWIFT_VERSION = 5.0;
				TARGETED_DEVICE_FAMILY = "1,2";
			};
			name = Debug;
		};
		F47E03852D5DC6F900EEEC85 /* Release */ = {
			isa = XCBuildConfiguration;
			baseConfigurationReference = 9EC7BFFAB3438165EDAA596D /* Pods-RMGeofenceApp.release.xcconfig */;
			buildSettings = {
				ASSETCATALOG_COMPILER_APPICON_NAME = AppIcon;
				ASSETCATALOG_COMPILER_GLOBAL_ACCENT_COLOR_NAME = AccentColor;
				CODE_SIGN_STYLE = Automatic;
				CURRENT_PROJECT_VERSION = 1;
				DEVELOPMENT_ASSET_PATHS = "\"RMGeofenceApp/Preview Content\"";
				ENABLE_PREVIEWS = YES;
				GENERATE_INFOPLIST_FILE = YES;
				INFOPLIST_FILE = RMGeofenceApp/Info.plist;
				INFOPLIST_KEY_NSLocationAlwaysAndWhenInUseUsageDescription = "We need your location to provide continuous map services.";
				INFOPLIST_KEY_NSLocationWhenInUseUsageDescription = "We need your location to provide map services.";
				INFOPLIST_KEY_UIApplicationSceneManifest_Generation = YES;
				INFOPLIST_KEY_UIApplicationSupportsIndirectInputEvents = YES;
				INFOPLIST_KEY_UILaunchScreen_Generation = YES;
				INFOPLIST_KEY_UISupportedInterfaceOrientations_iPad = "UIInterfaceOrientationPortrait UIInterfaceOrientationPortraitUpsideDown UIInterfaceOrientationLandscapeLeft UIInterfaceOrientationLandscapeRight";
				INFOPLIST_KEY_UISupportedInterfaceOrientations_iPhone = "UIInterfaceOrientationPortrait UIInterfaceOrientationLandscapeLeft UIInterfaceOrientationLandscapeRight";
				IPHONEOS_DEPLOYMENT_TARGET = 16;
				LD_RUNPATH_SEARCH_PATHS = (
					"$(inherited)",
					"@executable_path/Frameworks",
				);
				MARKETING_VERSION = 1.0;
				PRODUCT_BUNDLE_IDENTIFIER = com.thinkitive.RMGeofenceApp;
				PRODUCT_NAME = "$(TARGET_NAME)";
				SWIFT_EMIT_LOC_STRINGS = YES;
				SWIFT_VERSION = 5.0;
				TARGETED_DEVICE_FAMILY = "1,2";
			};
			name = Release;
		};
/* End XCBuildConfiguration section */

/* Begin XCConfigurationList section */
		F47E03702D5DC6F800EEEC85 /* Build configuration list for PBXProject "RMGeofenceApp" */ = {
			isa = XCConfigurationList;
			buildConfigurations = (
				F47E03812D5DC6F900EEEC85 /* Debug */,
				F47E03822D5DC6F900EEEC85 /* Release */,
			);
			defaultConfigurationIsVisible = 0;
			defaultConfigurationName = Release;
		};
		F47E03832D5DC6F900EEEC85 /* Build configuration list for PBXNativeTarget "RMGeofenceApp" */ = {
			isa = XCConfigurationList;
			buildConfigurations = (
				F47E03842D5DC6F900EEEC85 /* Debug */,
				F47E03852D5DC6F900EEEC85 /* Release */,
			);
			defaultConfigurationIsVisible = 0;
			defaultConfigurationName = Release;
		};
/* End XCConfigurationList section */
	};
	rootObject = F47E036D2D5DC6F800EEEC85 /* Project object */;
}
