// !$*UTF8*$!
{
	archiveVersion = 1;
	classes = {
	};
	objectVersion = 56;
	objects = {

/* Begin PBXBuildFile section */
		F40D8DE92D5DD734002892F4 /* RoundedButtonStyle.swift in Sources */ = {isa = PBXBuildFile; fileRef = F40D8DE82D5DD734002892F4 /* RoundedButtonStyle.swift */; };
		F47E03792D5DC6F800EEEC85 /* RMGeofenceAppApp.swift in Sources */ = {isa = PBXBuildFile; fileRef = F47E03782D5DC6F800EEEC85 /* RMGeofenceAppApp.swift */; };
		F47E037B2D5DC6F800EEEC85 /* ContentView.swift in Sources */ = {isa = PBXBuildFile; fileRef = F47E037A2D5DC6F800EEEC85 /* ContentView.swift */; };
		F47E037D2D5DC6F900EEEC85 /* Assets.xcassets in Resources */ = {isa = PBXBuildFile; fileRef = F47E037C2D5DC6F900EEEC85 /* Assets.xcassets */; };
		F47E03802D5DC6F900EEEC85 /* Preview Assets.xcassets in Resources */ = {isa = PBXBuildFile; fileRef = F47E037F2D5DC6F900EEEC85 /* Preview Assets.xcassets */; };
		F47E03892D5DC73C00EEEC85 /* HomeScreenView.swift in Sources */ = {isa = PBXBuildFile; fileRef = F47E03882D5DC73C00EEEC85 /* HomeScreenView.swift */; };
		F47E038D2D5DCCC900EEEC85 /* RadialGeofenceView.swift in Sources */ = {isa = PBXBuildFile; fileRef = F47E038C2D5DCCC900EEEC85 /* RadialGeofenceView.swift */; };
		F47E038F2D5DCD7300EEEC85 /* CoordinateGeofenceView.swift in Sources */ = {isa = PBXBuildFile; fileRef = F47E038E2D5DCD7300EEEC85 /* CoordinateGeofenceView.swift */; };
		F47E03912D5DCDA200EEEC85 /* DrawGeofenceView.swift in Sources */ = {isa = PBXBuildFile; fileRef = F47E03902D5DCDA200EEEC85 /* DrawGeofenceView.swift */; };
		F47E03932D5DCDB800EEEC85 /* CreateGeofencesView.swift in Sources */ = {isa = PBXBuildFile; fileRef = F47E03922D5DCDB800EEEC85 /* CreateGeofencesView.swift */; };
/* End PBXBuildFile section */

/* Begin PBXFileReference section */
		F40D8DE82D5DD734002892F4 /* RoundedButtonStyle.swift */ = {isa = PBXFileReference; lastKnownFileType = sourcecode.swift; path = RoundedButtonStyle.swift; sourceTree = "<group>"; };
		F47E03752D5DC6F800EEEC85 /* RMGeofenceApp.app */ = {isa = PBXFileReference; explicitFileType = wrapper.application; includeInIndex = 0; path = RMGeofenceApp.app; sourceTree = BUILT_PRODUCTS_DIR; };
		F47E03782D5DC6F800EEEC85 /* RMGeofenceAppApp.swift */ = {isa = PBXFileReference; lastKnownFileType = sourcecode.swift; path = RMGeofenceAppApp.swift; sourceTree = "<group>"; };
		F47E037A2D5DC6F800EEEC85 /* ContentView.swift */ = {isa = PBXFileReference; lastKnownFileType = sourcecode.swift; path = ContentView.swift; sourceTree = "<group>"; };
		F47E037C2D5DC6F900EEEC85 /* Assets.xcassets */ = {isa = PBXFileReference; lastKnownFileType = folder.assetcatalog; path = Assets.xcassets; sourceTree = "<group>"; };
		F47E037F2D5DC6F900EEEC85 /* Preview Assets.xcassets */ = {isa = PBXFileReference; lastKnownFileType = folder.assetcatalog; path = "Preview Assets.xcassets"; sourceTree = "<group>"; };
		F47E03882D5DC73C00EEEC85 /* HomeScreenView.swift */ = {isa = PBXFileReference; lastKnownFileType = sourcecode.swift; path = HomeScreenView.swift; sourceTree = "<group>"; };
		F47E038C2D5DCCC900EEEC85 /* RadialGeofenceView.swift */ = {isa = PBXFileReference; lastKnownFileType = sourcecode.swift; path = RadialGeofenceView.swift; sourceTree = "<group>"; };
		F47E038E2D5DCD7300EEEC85 /* CoordinateGeofenceView.swift */ = {isa = PBXFileReference; lastKnownFileType = sourcecode.swift; path = CoordinateGeofenceView.swift; sourceTree = "<group>"; };
		F47E03902D5DCDA200EEEC85 /* DrawGeofenceView.swift */ = {isa = PBXFileReference; lastKnownFileType = sourcecode.swift; path = DrawGeofenceView.swift; sourceTree = "<group>"; };
		F47E03922D5DCDB800EEEC85 /* CreateGeofencesView.swift */ = {isa = PBXFileReference; lastKnownFileType = sourcecode.swift; path = CreateGeofencesView.swift; sourceTree = "<group>"; };
/* End PBXFileReference section */

/* Begin PBXFrameworksBuildPhase section */
		F47E03722D5DC6F800EEEC85 /* Frameworks */ = {
			isa = PBXFrameworksBuildPhase;
			buildActionMask = 2147483647;
			files = (
			);
			runOnlyForDeploymentPostprocessing = 0;
		};
/* End PBXFrameworksBuildPhase section */

/* Begin PBXGroup section */
		F47E036C2D5DC6F800EEEC85 = {
			isa = PBXGroup;
			children = (
				F47E03772D5DC6F800EEEC85 /* RMGeofenceApp */,
				F47E03762D5DC6F800EEEC85 /* Products */,
			);
			sourceTree = "<group>";
		};
		F47E03762D5DC6F800EEEC85 /* Products */ = {
			isa = PBXGroup;
			children = (
				F47E03752D5DC6F800EEEC85 /* RMGeofenceApp.app */,
			);
			name = Products;
			sourceTree = "<group>";
		};
		F47E03772D5DC6F800EEEC85 /* RMGeofenceApp */ = {
			isa = PBXGroup;
			children = (
				F47E03872D5DC71E00EEEC85 /* Main */,
				F47E03862D5DC70E00EEEC85 /* View */,
				F47E03942D5DCE2500EEEC85 /* Styles */,
				F47E037C2D5DC6F900EEEC85 /* Assets.xcassets */,
				F47E037E2D5DC6F900EEEC85 /* Preview Content */,
			);
			path = RMGeofenceApp;
			sourceTree = "<group>";
		};
		F47E037E2D5DC6F900EEEC85 /* Preview Content */ = {
			isa = PBXGroup;
			children = (
				F47E037F2D5DC6F900EEEC85 /* Preview Assets.xcassets */,
			);
			path = "Preview Content";
			sourceTree = "<group>";
		};
		F47E03862D5DC70E00EEEC85 /* View */ = {
			isa = PBXGroup;
			children = (
				F47E03882D5DC73C00EEEC85 /* HomeScreenView.swift */,
				F47E03922D5DCDB800EEEC85 /* CreateGeofencesView.swift */,
				F47E038C2D5DCCC900EEEC85 /* RadialGeofenceView.swift */,
				F47E038E2D5DCD7300EEEC85 /* CoordinateGeofenceView.swift */,
				F47E03902D5DCDA200EEEC85 /* DrawGeofenceView.swift */,
			);
			path = View;
			sourceTree = "<group>";
		};
		F47E03872D5DC71E00EEEC85 /* Main */ = {
			isa = PBXGroup;
			children = (
				F47E03782D5DC6F800EEEC85 /* RMGeofenceAppApp.swift */,
				F47E037A2D5DC6F800EEEC85 /* ContentView.swift */,
			);
			path = Main;
			sourceTree = "<group>";
		};
		F47E03942D5DCE2500EEEC85 /* Styles */ = {
			isa = PBXGroup;
			children = (
				F40D8DE82D5DD734002892F4 /* RoundedButtonStyle.swift */,
			);
			path = Styles;
			sourceTree = "<group>";
		};
/* End PBXGroup section */

/* Begin PBXNativeTarget section */
		F47E03742D5DC6F800EEEC85 /* RMGeofenceApp */ = {
			isa = PBXNativeTarget;
			buildConfigurationList = F47E03832D5DC6F900EEEC85 /* Build configuration list for PBXNativeTarget "RMGeofenceApp" */;
			buildPhases = (
				F47E03712D5DC6F800EEEC85 /* Sources */,
				F47E03722D5DC6F800EEEC85 /* Frameworks */,
				F47E03732D5DC6F800EEEC85 /* Resources */,
			);
			buildRules = (
			);
			dependencies = (
			);
			name = RMGeofenceApp;
			productName = RMGeofenceApp;
			productReference = F47E03752D5DC6F800EEEC85 /* RMGeofenceApp.app */;
			productType = "com.apple.product-type.application";
		};
/* End PBXNativeTarget section */

/* Begin PBXProject section */
		F47E036D2D5DC6F800EEEC85 /* Project object */ = {
			isa = PBXProject;
			attributes = {
				BuildIndependentTargetsInParallel = 1;
				LastSwiftUpdateCheck = 1530;
				LastUpgradeCheck = 1530;
				TargetAttributes = {
					F47E03742D5DC6F800EEEC85 = {
						CreatedOnToolsVersion = 15.3;
					};
				};
			};
			buildConfigurationList = F47E03702D5DC6F800EEEC85 /* Build configuration list for PBXProject "RMGeofenceApp" */;
			compatibilityVersion = "Xcode 14.0";
			developmentRegion = en;
			hasScannedForEncodings = 0;
			knownRegions = (
				en,
				Base,
			);
			mainGroup = F47E036C2D5DC6F800EEEC85;
			productRefGroup = F47E03762D5DC6F800EEEC85 /* Products */;
			projectDirPath = "";
			projectRoot = "";
			targets = (
				F47E03742D5DC6F800EEEC85 /* RMGeofenceApp */,
			);
		};
/* End PBXProject section */

/* Begin PBXResourcesBuildPhase section */
		F47E03732D5DC6F800EEEC85 /* Resources */ = {
			isa = PBXResourcesBuildPhase;
			buildActionMask = 2147483647;
			files = (
				F47E03802D5DC6F900EEEC85 /* Preview Assets.xcassets in Resources */,
				F47E037D2D5DC6F900EEEC85 /* Assets.xcassets in Resources */,
			);
			runOnlyForDeploymentPostprocessing = 0;
		};
/* End PBXResourcesBuildPhase section */

/* Begin PBXSourcesBuildPhase section */
		F47E03712D5DC6F800EEEC85 /* Sources */ = {
			isa = PBXSourcesBuildPhase;
			buildActionMask = 2147483647;
			files = (
				F47E03932D5DCDB800EEEC85 /* CreateGeofencesView.swift in Sources */,
				F40D8DE92D5DD734002892F4 /* RoundedButtonStyle.swift in Sources */,
				F47E038D2D5DCCC900EEEC85 /* RadialGeofenceView.swift in Sources */,
				F47E03892D5DC73C00EEEC85 /* HomeScreenView.swift in Sources */,
				F47E037B2D5DC6F800EEEC85 /* ContentView.swift in Sources */,
				F47E038F2D5DCD7300EEEC85 /* CoordinateGeofenceView.swift in Sources */,
				F47E03912D5DCDA200EEEC85 /* DrawGeofenceView.swift in Sources */,
				F47E03792D5DC6F800EEEC85 /* RMGeofenceAppApp.swift in Sources */,
			);
			runOnlyForDeploymentPostprocessing = 0;
		};
/* End PBXSourcesBuildPhase section */

/* Begin XCBuildConfiguration section */
		F47E03812D5DC6F900EEEC85 /* Debug */ = {
			isa = XCBuildConfiguration;
			buildSettings = {
				ALWAYS_SEARCH_USER_PATHS = NO;
				ASSETCATALOG_COMPILER_GENERATE_SWIFT_ASSET_SYMBOL_EXTENSIONS = YES;
				CLANG_ANALYZER_NONNULL = YES;
				CLANG_ANALYZER_NUMBER_OBJECT_CONVERSION = YES_AGGRESSIVE;
				CLANG_CXX_LANGUAGE_STANDARD = "gnu++20";
				CLANG_ENABLE_MODULES = YES;
				CLANG_ENABLE_OBJC_ARC = YES;
				CLANG_ENABLE_OBJC_WEAK = YES;
				CLANG_WARN_BLOCK_CAPTURE_AUTORELEASING = YES;
				CLANG_WARN_BOOL_CONVERSION = YES;
				CLANG_WARN_COMMA = YES;
				CLANG_WARN_CONSTANT_CONVERSION = YES;
				CLANG_WARN_DEPRECATED_OBJC_IMPLEMENTATIONS = YES;
				CLANG_WARN_DIRECT_OBJC_ISA_USAGE = YES_ERROR;
				CLANG_WARN_DOCUMENTATION_COMMENTS = YES;
				CLANG_WARN_EMPTY_BODY = YES;
				CLANG_WARN_ENUM_CONVERSION = YES;
				CLANG_WARN_INFINITE_RECURSION = YES;
				CLANG_WARN_INT_CONVERSION = YES;
				CLANG_WARN_NON_LITERAL_NULL_CONVERSION = YES;
				CLANG_WARN_OBJC_IMPLICIT_RETAIN_SELF = YES;
				CLANG_WARN_OBJC_LITERAL_CONVERSION = YES;
				CLANG_WARN_OBJC_ROOT_CLASS = YES_ERROR;
				CLANG_WARN_QUOTED_INCLUDE_IN_FRAMEWORK_HEADER = YES;
				CLANG_WARN_RANGE_LOOP_ANALYSIS = YES;
				CLANG_WARN_STRICT_PROTOTYPES = YES;
				CLANG_WARN_SUSPICIOUS_MOVE = YES;
				CLANG_WARN_UNGUARDED_AVAILABILITY = YES_AGGRESSIVE;
				CLANG_WARN_UNREACHABLE_CODE = YES;
				CLANG_WARN__DUPLICATE_METHOD_MATCH = YES;
				COPY_PHASE_STRIP = NO;
				DEBUG_INFORMATION_FORMAT = dwarf;
				ENABLE_STRICT_OBJC_MSGSEND = YES;
				ENABLE_TESTABILITY = YES;
				ENABLE_USER_SCRIPT_SANDBOXING = YES;
				GCC_C_LANGUAGE_STANDARD = gnu17;
				GCC_DYNAMIC_NO_PIC = NO;
				GCC_NO_COMMON_BLOCKS = YES;
				GCC_OPTIMIZATION_LEVEL = 0;
				GCC_PREPROCESSOR_DEFINITIONS = (
					"DEBUG=1",
					"$(inherited)",
				);
				GCC_WARN_64_TO_32_BIT_CONVERSION = YES;
				GCC_WARN_ABOUT_RETURN_TYPE = YES_ERROR;
				GCC_WARN_UNDECLARED_SELECTOR = YES;
				GCC_WARN_UNINITIALIZED_AUTOS = YES_AGGRESSIVE;
				GCC_WARN_UNUSED_FUNCTION = YES;
				GCC_WARN_UNUSED_VARIABLE = YES;
				IPHONEOS_DEPLOYMENT_TARGET = 16;
				LOCALIZATION_PREFERS_STRING_CATALOGS = YES;
				MTL_ENABLE_DEBUG_INFO = INCLUDE_SOURCE;
				MTL_FAST_MATH = YES;
				ONLY_ACTIVE_ARCH = YES;
				SDKROOT = iphoneos;
				SWIFT_ACTIVE_COMPILATION_CONDITIONS = "DEBUG $(inherited)";
				SWIFT_OPTIMIZATION_LEVEL = "-Onone";
			};
			name = Debug;
		};
		F47E03822D5DC6F900EEEC85 /* Release */ = {
			isa = XCBuildConfiguration;
			buildSettings = {
				ALWAYS_SEARCH_USER_PATHS = NO;
				ASSETCATALOG_COMPILER_GENERATE_SWIFT_ASSET_SYMBOL_EXTENSIONS = YES;
				CLANG_ANALYZER_NONNULL = YES;
				CLANG_ANALYZER_NUMBER_OBJECT_CONVERSION = YES_AGGRESSIVE;
				CLANG_CXX_LANGUAGE_STANDARD = "gnu++20";
				CLANG_ENABLE_MODULES = YES;
				CLANG_ENABLE_OBJC_ARC = YES;
				CLANG_ENABLE_OBJC_WEAK = YES;
				CLANG_WARN_BLOCK_CAPTURE_AUTORELEASING = YES;
				CLANG_WARN_BOOL_CONVERSION = YES;
				CLANG_WARN_COMMA = YES;
				CLANG_WARN_CONSTANT_CONVERSION = YES;
				CLANG_WARN_DEPRECATED_OBJC_IMPLEMENTATIONS = YES;
				CLANG_WARN_DIRECT_OBJC_ISA_USAGE = YES_ERROR;
				CLANG_WARN_DOCUMENTATION_COMMENTS = YES;
				CLANG_WARN_EMPTY_BODY = YES;
				CLANG_WARN_ENUM_CONVERSION = YES;
				CLANG_WARN_INFINITE_RECURSION = YES;
				CLANG_WARN_INT_CONVERSION = YES;
				CLANG_WARN_NON_LITERAL_NULL_CONVERSION = YES;
				CLANG_WARN_OBJC_IMPLICIT_RETAIN_SELF = YES;
				CLANG_WARN_OBJC_LITERAL_CONVERSION = YES;
				CLANG_WARN_OBJC_ROOT_CLASS = YES_ERROR;
				CLANG_WARN_QUOTED_INCLUDE_IN_FRAMEWORK_HEADER = YES;
				CLANG_WARN_RANGE_LOOP_ANALYSIS = YES;
				CLANG_WARN_STRICT_PROTOTYPES = YES;
				CLANG_WARN_SUSPICIOUS_MOVE = YES;
				CLANG_WARN_UNGUARDED_AVAILABILITY = YES_AGGRESSIVE;
				CLANG_WARN_UNREACHABLE_CODE = YES;
				CLANG_WARN__DUPLICATE_METHOD_MATCH = YES;
				COPY_PHASE_STRIP = NO;
				DEBUG_INFORMATION_FORMAT = "dwarf-with-dsym";
				ENABLE_NS_ASSERTIONS = NO;
				ENABLE_STRICT_OBJC_MSGSEND = YES;
				ENABLE_USER_SCRIPT_SANDBOXING = YES;
				GCC_C_LANGUAGE_STANDARD = gnu17;
				GCC_NO_COMMON_BLOCKS = YES;
				GCC_WARN_64_TO_32_BIT_CONVERSION = YES;
				GCC_WARN_ABOUT_RETURN_TYPE = YES_ERROR;
				GCC_WARN_UNDECLARED_SELECTOR = YES;
				GCC_WARN_UNINITIALIZED_AUTOS = YES_AGGRESSIVE;
				GCC_WARN_UNUSED_FUNCTION = YES;
				GCC_WARN_UNUSED_VARIABLE = YES;
				IPHONEOS_DEPLOYMENT_TARGET = 16;
				LOCALIZATION_PREFERS_STRING_CATALOGS = YES;
				MTL_ENABLE_DEBUG_INFO = NO;
				MTL_FAST_MATH = YES;
				SDKROOT = iphoneos;
				SWIFT_COMPILATION_MODE = wholemodule;
				VALIDATE_PRODUCT = YES;
			};
			name = Release;
		};
		F47E03842D5DC6F900EEEC85 /* Debug */ = {
			isa = XCBuildConfiguration;
			buildSettings = {
				ASSETCATALOG_COMPILER_APPICON_NAME = AppIcon;
				ASSETCATALOG_COMPILER_GLOBAL_ACCENT_COLOR_NAME = AccentColor;
				CODE_SIGN_STYLE = Automatic;
				CURRENT_PROJECT_VERSION = 1;
				DEVELOPMENT_ASSET_PATHS = "\"RMGeofenceApp/Preview Content\"";
				ENABLE_PREVIEWS = YES;
				GENERATE_INFOPLIST_FILE = YES;
				INFOPLIST_KEY_UIApplicationSceneManifest_Generation = YES;
				INFOPLIST_KEY_UIApplicationSupportsIndirectInputEvents = YES;
				INFOPLIST_KEY_UILaunchScreen_Generation = YES;
				INFOPLIST_KEY_UISupportedInterfaceOrientations_iPad = "UIInterfaceOrientationPortrait UIInterfaceOrientationPortraitUpsideDown UIInterfaceOrientationLandscapeLeft UIInterfaceOrientationLandscapeRight";
				INFOPLIST_KEY_UISupportedInterfaceOrientations_iPhone = "UIInterfaceOrientationPortrait UIInterfaceOrientationLandscapeLeft UIInterfaceOrientationLandscapeRight";
				IPHONEOS_DEPLOYMENT_TARGET = 16;
				LD_RUNPATH_SEARCH_PATHS = (
					"$(inherited)",
					"@executable_path/Frameworks",
				);
				MARKETING_VERSION = 1.0;
				PRODUCT_BUNDLE_IDENTIFIER = com.thinkitive.RMGeofenceApp;
				PRODUCT_NAME = "$(TARGET_NAME)";
				SWIFT_EMIT_LOC_STRINGS = YES;
				SWIFT_VERSION = 5.0;
				TARGETED_DEVICE_FAMILY = "1,2";
			};
			name = Debug;
		};
		F47E03852D5DC6F900EEEC85 /* Release */ = {
			isa = XCBuildConfiguration;
			buildSettings = {
				ASSETCATALOG_COMPILER_APPICON_NAME = AppIcon;
				ASSETCATALOG_COMPILER_GLOBAL_ACCENT_COLOR_NAME = AccentColor;
				CODE_SIGN_STYLE = Automatic;
				CURRENT_PROJECT_VERSION = 1;
				DEVELOPMENT_ASSET_PATHS = "\"RMGeofenceApp/Preview Content\"";
				ENABLE_PREVIEWS = YES;
				GENERATE_INFOPLIST_FILE = YES;
				INFOPLIST_KEY_UIApplicationSceneManifest_Generation = YES;
				INFOPLIST_KEY_UIApplicationSupportsIndirectInputEvents = YES;
				INFOPLIST_KEY_UILaunchScreen_Generation = YES;
				INFOPLIST_KEY_UISupportedInterfaceOrientations_iPad = "UIInterfaceOrientationPortrait UIInterfaceOrientationPortraitUpsideDown UIInterfaceOrientationLandscapeLeft UIInterfaceOrientationLandscapeRight";
				INFOPLIST_KEY_UISupportedInterfaceOrientations_iPhone = "UIInterfaceOrientationPortrait UIInterfaceOrientationLandscapeLeft UIInterfaceOrientationLandscapeRight";
				IPHONEOS_DEPLOYMENT_TARGET = 16;
				LD_RUNPATH_SEARCH_PATHS = (
					"$(inherited)",
					"@executable_path/Frameworks",
				);
				MARKETING_VERSION = 1.0;
				PRODUCT_BUNDLE_IDENTIFIER = com.thinkitive.RMGeofenceApp;
				PRODUCT_NAME = "$(TARGET_NAME)";
				SWIFT_EMIT_LOC_STRINGS = YES;
				SWIFT_VERSION = 5.0;
				TARGETED_DEVICE_FAMILY = "1,2";
			};
			name = Release;
		};
/* End XCBuildConfiguration section */

/* Begin XCConfigurationList section */
		F47E03702D5DC6F800EEEC85 /* Build configuration list for PBXProject "RMGeofenceApp" */ = {
			isa = XCConfigurationList;
			buildConfigurations = (
				F47E03812D5DC6F900EEEC85 /* Debug */,
				F47E03822D5DC6F900EEEC85 /* Release */,
			);
			defaultConfigurationIsVisible = 0;
			defaultConfigurationName = Release;
		};
		F47E03832D5DC6F900EEEC85 /* Build configuration list for PBXNativeTarget "RMGeofenceApp" */ = {
			isa = XCConfigurationList;
			buildConfigurations = (
				F47E03842D5DC6F900EEEC85 /* Debug */,
				F47E03852D5DC6F900EEEC85 /* Release */,
			);
			defaultConfigurationIsVisible = 0;
			defaultConfigurationName = Release;
		};
/* End XCConfigurationList section */
	};
	rootObject = F47E036D2D5DC6F800EEEC85 /* Project object */;
}
